
Microsoft Visual Studio Solution File, Format Version 12.00
# Visual Studio 15
VisualStudioVersion = 15.0.26730.16
MinimumVisualStudioVersion = 10.0.40219.1
Project("{9A19103F-16F7-4668-BE54-9A1E7A4F7556}") = "BlackFriday", "BlackFriday\BlackFriday.csproj", "{55A97260-70B7-490A-9578-7BFC58C9B3D6}"
EndProject
Project("{9A19103F-16F7-4668-BE54-9A1E7A4F7556}") = "IEGEasyCreditCardService", "IEGEasyCreditCardService\IEGEasyCreditCardService.csproj", "{2E7B89A5-C69E-4D82-AD7F-25F49789B557}"
EndProject
Project("{9A19103F-16F7-4668-BE54-9A1E7A4F7556}") = "ProductDbService", "ProductDbService\ProductDbService.csproj", "{64A48E14-C3D2-456D-AE21-DF3B4947DCA0}"
EndProject
Project("{9A19103F-16F7-4668-BE54-9A1E7A4F7556}") = "ProductFTPService", "ProductFTPService\ProductFTPService.csproj", "{3A7CA22D-E6E6-4079-97D2-0CCD360ADAAA}"
EndProject
Project("{9A19103F-16F7-4668-BE54-9A1E7A4F7556}") = "PaymentService", "PaymentService\PaymentService.csproj", "{01D13215-B046-4082-A236-11B155C9B4B3}"
EndProject
Project("{FAE04EC0-301F-11D3-BF4B-00C04F79EFBC}") = "IEGConsulService", "IEGConsulService\IEGConsulService.csproj", "{EA9EB838-7DC8-42E7-B689-6036CB68357C}"
EndProject
Project("{FAE04EC0-301F-11D3-BF4B-00C04F79EFBC}") = "IEGServiceConfiguration", "IEGServiceConfiguration\IEGServiceConfiguration.csproj", "{4CF834FC-5EA0-4E61-BDFB-1D87706461BB}"
EndProject
Project("{FAE04EC0-301F-11D3-BF4B-00C04F79EFBC}") = "IECSecretService", "IECSecretService\IECSecretService.csproj", "{14E47559-C990-4C19-8073-82D8EB8E4C26}"
EndProject
Project("{FAE04EC0-301F-11D3-BF4B-00C04F79EFBC}") = "IEGWebhookService", "IEGWebhookService\IEGWebhookService.csproj", "{E172D8D2-2D22-4741-9650-C4CCDEA72F7A}"
EndProject
Global
	GlobalSection(SolutionConfigurationPlatforms) = preSolution
		Debug|Any CPU = Debug|Any CPU
		Release|Any CPU = Release|Any CPU
	EndGlobalSection
	GlobalSection(ProjectConfigurationPlatforms) = postSolution
		{55A97260-70B7-490A-9578-7BFC58C9B3D6}.Debug|Any CPU.ActiveCfg = Debug|Any CPU
		{55A97260-70B7-490A-9578-7BFC58C9B3D6}.Debug|Any CPU.Build.0 = Debug|Any CPU
		{55A97260-70B7-490A-9578-7BFC58C9B3D6}.Release|Any CPU.ActiveCfg = Release|Any CPU
		{55A97260-70B7-490A-9578-7BFC58C9B3D6}.Release|Any CPU.Build.0 = Release|Any CPU
		{2E7B89A5-C69E-4D82-AD7F-25F49789B557}.Debug|Any CPU.ActiveCfg = Debug|Any CPU
		{2E7B89A5-C69E-4D82-AD7F-25F49789B557}.Debug|Any CPU.Build.0 = Debug|Any CPU
		{2E7B89A5-C69E-4D82-AD7F-25F49789B557}.Release|Any CPU.ActiveCfg = Release|Any CPU
		{2E7B89A5-C69E-4D82-AD7F-25F49789B557}.Release|Any CPU.Build.0 = Release|Any CPU
		{64A48E14-C3D2-456D-AE21-DF3B4947DCA0}.Debug|Any CPU.ActiveCfg = Debug|Any CPU
		{64A48E14-C3D2-456D-AE21-DF3B4947DCA0}.Debug|Any CPU.Build.0 = Debug|Any CPU
		{64A48E14-C3D2-456D-AE21-DF3B4947DCA0}.Release|Any CPU.ActiveCfg = Release|Any CPU
		{64A48E14-C3D2-456D-AE21-DF3B4947DCA0}.Release|Any CPU.Build.0 = Release|Any CPU
		{3A7CA22D-E6E6-4079-97D2-0CCD360ADAAA}.Debug|Any CPU.ActiveCfg = Debug|Any CPU
		{3A7CA22D-E6E6-4079-97D2-0CCD360ADAAA}.Debug|Any CPU.Build.0 = Debug|Any CPU
		{3A7CA22D-E6E6-4079-97D2-0CCD360ADAAA}.Release|Any CPU.ActiveCfg = Release|Any CPU
		{3A7CA22D-E6E6-4079-97D2-0CCD360ADAAA}.Release|Any CPU.Build.0 = Release|Any CPU
		{01D13215-B046-4082-A236-11B155C9B4B3}.Debug|Any CPU.ActiveCfg = Debug|Any CPU
		{01D13215-B046-4082-A236-11B155C9B4B3}.Debug|Any CPU.Build.0 = Debug|Any CPU
		{01D13215-B046-4082-A236-11B155C9B4B3}.Release|Any CPU.ActiveCfg = Release|Any CPU
		{01D13215-B046-4082-A236-11B155C9B4B3}.Release|Any CPU.Build.0 = Release|Any CPU
		{EA9EB838-7DC8-42E7-B689-6036CB68357C}.Debug|Any CPU.ActiveCfg = Debug|Any CPU
		{EA9EB838-7DC8-42E7-B689-6036CB68357C}.Debug|Any CPU.Build.0 = Debug|Any CPU
		{EA9EB838-7DC8-42E7-B689-6036CB68357C}.Release|Any CPU.ActiveCfg = Release|Any CPU
		{EA9EB838-7DC8-42E7-B689-6036CB68357C}.Release|Any CPU.Build.0 = Release|Any CPU
		{4CF834FC-5EA0-4E61-BDFB-1D87706461BB}.Debug|Any CPU.ActiveCfg = Debug|Any CPU
		{4CF834FC-5EA0-4E61-BDFB-1D87706461BB}.Debug|Any CPU.Build.0 = Debug|Any CPU
		{4CF834FC-5EA0-4E61-BDFB-1D87706461BB}.Release|Any CPU.ActiveCfg = Release|Any CPU
		{4CF834FC-5EA0-4E61-BDFB-1D87706461BB}.Release|Any CPU.Build.0 = Release|Any CPU
		{14E47559-C990-4C19-8073-82D8EB8E4C26}.Debug|Any CPU.ActiveCfg = Debug|Any CPU
		{14E47559-C990-4C19-8073-82D8EB8E4C26}.Debug|Any CPU.Build.0 = Debug|Any CPU
		{14E47559-C990-4C19-8073-82D8EB8E4C26}.Release|Any CPU.ActiveCfg = Release|Any CPU
		{14E47559-C990-4C19-8073-82D8EB8E4C26}.Release|Any CPU.Build.0 = Release|Any CPU
		{E172D8D2-2D22-4741-9650-C4CCDEA72F7A}.Debug|Any CPU.ActiveCfg = Debug|Any CPU
		{E172D8D2-2D22-4741-9650-C4CCDEA72F7A}.Debug|Any CPU.Build.0 = Debug|Any CPU
		{E172D8D2-2D22-4741-9650-C4CCDEA72F7A}.Release|Any CPU.ActiveCfg = Release|Any CPU
		{E172D8D2-2D22-4741-9650-C4CCDEA72F7A}.Release|Any CPU.Build.0 = Release|Any CPU
	EndGlobalSection
	GlobalSection(SolutionProperties) = preSolution
		HideSolutionNode = FALSE
	EndGlobalSection
	GlobalSection(ExtensibilityGlobals) = postSolution
		SolutionGuid = {3C31E0F8-78F5-4233-9E5F-B8C28EE63861}
	EndGlobalSection
EndGlobal
